
Microsoft Visual Studio Solution File, Format Version 12.00
# Visual Studio Version 17
VisualStudioVersion = 17.3.32901.215
MinimumVisualStudioVersion = 10.0.40219.1
Project("{8BC9CEB8-8B4A-11D0-8D11-00A0C91BC942}") = "ALG_LAB3", "ALG_LAB3\ALG_LAB3.vcxproj", "{5C1C61C1-C86A-4C23-B089-8451D7354905}"
EndProject
Global
	GlobalSection(SolutionConfigurationPlatforms) = preSolution
		Debug|x64 = Debug|x64
		Debug|x86 = Debug|x86
		Release|x64 = Release|x64
		Release|x86 = Release|x86
	EndGlobalSection
	GlobalSection(ProjectConfigurationPlatforms) = postSolution
		{5C1C61C1-C86A-4C23-B089-8451D7354905}.Debug|x64.ActiveCfg = Debug|x64
		{5C1C61C1-C86A-4C23-B089-8451D7354905}.Debug|x64.Build.0 = Debug|x64
		{5C1C61C1-C86A-4C23-B089-8451D7354905}.Debug|x86.ActiveCfg = Debug|Win32
		{5C1C61C1-C86A-4C23-B089-8451D7354905}.Debug|x86.Build.0 = Debug|Win32
		{5C1C61C1-C86A-4C23-B089-8451D7354905}.Release|x64.ActiveCfg = Release|x64
		{5C1C61C1-C86A-4C23-B089-8451D7354905}.Release|x64.Build.0 = Release|x64
		{5C1C61C1-C86A-4C23-B089-8451D7354905}.Release|x86.ActiveCfg = Release|Win32
		{5C1C61C1-C86A-4C23-B089-8451D7354905}.Release|x86.Build.0 = Release|Win32
	EndGlobalSection
	GlobalSection(SolutionProperties) = preSolution
		HideSolutionNode = FALSE
	EndGlobalSection
	GlobalSection(ExtensibilityGlobals) = postSolution
		SolutionGuid = {BC751547-393B-469E-82BC-E3A7068BBD09}
	EndGlobalSection
EndGlobal
